Microsoft Visual Studio Solution File, Format Version 12.00
# Visual Studio Version 17
VisualStudioVersion = 17.5.2.0
MinimumVisualStudioVersion = 10.0.40219.1
Project("{FAE04EC0-301F-11D3-BF4B-00C04F79EFBC}") = "courses_buynsell_api", "courses_buynsell_api.csproj", "{A85DC87C-32C3-93AC-94EF-CEA672141E43}"
EndProject
Global
	GlobalSection(SolutionConfigurationPlatforms) = preSolution
		Debug|Any CPU = Debug|Any CPU
		Release|Any CPU = Release|Any CPU
	EndGlobalSection
	GlobalSection(ProjectConfigurationPlatforms) = postSolution
		{A85DC87C-32C3-93AC-94EF-CEA672141E43}.Debug|Any CPU.ActiveCfg = Debug|Any CPU
		{A85DC87C-32C3-93AC-94EF-CEA672141E43}.Debug|Any CPU.Build.0 = Debug|Any CPU
		{A85DC87C-32C3-93AC-94EF-CEA672141E43}.Release|Any CPU.ActiveCfg = Release|Any CPU
		{A85DC87C-32C3-93AC-94EF-CEA672141E43}.Release|Any CPU.Build.0 = Release|Any CPU
	EndGlobalSection
	GlobalSection(SolutionProperties) = preSolution
		HideSolutionNode = FALSE
	EndGlobalSection
	GlobalSection(ExtensibilityGlobals) = postSolution
		SolutionGuid = {62A87D1A-CF9F-43EE-9A9B-D8012C844C24}
	EndGlobalSection
EndGlobal
